
Microsoft Visual Studio Solution File, Format Version 12.00
# Visual Studio Version 16
VisualStudioVersion = 16.0.30413.136
MinimumVisualStudioVersion = 10.0.40219.1
Project("{FAE04EC0-301F-11D3-BF4B-00C04F79EFBC}") = "SortAlgorithms", "SortAlgoritems\SortAlgorithms.csproj", "{BFB19270-5E56-4578-B80A-C792A34AA062}"
EndProject
Project("{FAE04EC0-301F-11D3-BF4B-00C04F79EFBC}") = "Algorithm", "Algorithm\Algorithm.csproj", "{DC6AA3E9-6982-4108-8C79-FABE48D8A5FF}"
EndProject
Project("{FAE04EC0-301F-11D3-BF4B-00C04F79EFBC}") = "AlgorithmTests1", "AlgorithmTests1\AlgorithmTests1.csproj", "{2668D591-1598-45CA-9FE7-FC3DBB51CC25}"
EndProject
Global
	GlobalSection(SolutionConfigurationPlatforms) = preSolution
		Debug|Any CPU = Debug|Any CPU
		Release|Any CPU = Release|Any CPU
	EndGlobalSection
	GlobalSection(ProjectConfigurationPlatforms) = postSolution
		{BFB19270-5E56-4578-B80A-C792A34AA062}.Debug|Any CPU.ActiveCfg = Debug|Any CPU
		{BFB19270-5E56-4578-B80A-C792A34AA062}.Debug|Any CPU.Build.0 = Debug|Any CPU
		{BFB19270-5E56-4578-B80A-C792A34AA062}.Release|Any CPU.ActiveCfg = Release|Any CPU
		{BFB19270-5E56-4578-B80A-C792A34AA062}.Release|Any CPU.Build.0 = Release|Any CPU
		{DC6AA3E9-6982-4108-8C79-FABE48D8A5FF}.Debug|Any CPU.ActiveCfg = Debug|Any CPU
		{DC6AA3E9-6982-4108-8C79-FABE48D8A5FF}.Debug|Any CPU.Build.0 = Debug|Any CPU
		{DC6AA3E9-6982-4108-8C79-FABE48D8A5FF}.Release|Any CPU.ActiveCfg = Release|Any CPU
		{DC6AA3E9-6982-4108-8C79-FABE48D8A5FF}.Release|Any CPU.Build.0 = Release|Any CPU
		{2668D591-1598-45CA-9FE7-FC3DBB51CC25}.Debug|Any CPU.ActiveCfg = Debug|Any CPU
		{2668D591-1598-45CA-9FE7-FC3DBB51CC25}.Debug|Any CPU.Build.0 = Debug|Any CPU
		{2668D591-1598-45CA-9FE7-FC3DBB51CC25}.Release|Any CPU.ActiveCfg = Release|Any CPU
		{2668D591-1598-45CA-9FE7-FC3DBB51CC25}.Release|Any CPU.Build.0 = Release|Any CPU
	EndGlobalSection
	GlobalSection(SolutionProperties) = preSolution
		HideSolutionNode = FALSE
	EndGlobalSection
	GlobalSection(ExtensibilityGlobals) = postSolution
		SolutionGuid = {DEF105BE-08F4-44ED-A699-1BDCF272EF40}
	EndGlobalSection
EndGlobal
